
Microsoft Visual Studio Solution File, Format Version 12.00
# Visual Studio Version 17
VisualStudioVersion = 17.2.32526.322
MinimumVisualStudioVersion = 10.0.40219.1
Project("{9A19103F-16F7-4668-BE54-9A1E7A4F7556}") = "developChallenge.Domain", "developChallengeDomain\developChallenge.Domain.csproj", "{FD5DD311-E3C4-415C-8D89-97ADB7FDA535}"
EndProject
Project("{9A19103F-16F7-4668-BE54-9A1E7A4F7556}") = "developChallenge.Web.Api", "developChallengeWebapi\developChallenge.Web.Api.csproj", "{3A3F9C4D-2AA4-417B-AE67-03A4F28A2E86}"
EndProject
Project("{9A19103F-16F7-4668-BE54-9A1E7A4F7556}") = "developChallenge.Infra", "developChallenge.Infra\developChallenge.Infra.csproj", "{4064406C-73E8-43CC-B895-CC9C17AD8AA9}"
EndProject
Project("{9A19103F-16F7-4668-BE54-9A1E7A4F7556}") = "developChallenge.Service", "developChallenge.Service\developChallenge.Service.csproj", "{E7FFC947-03BD-40A0-B189-7EEEF2F47962}"
EndProject
Project("{9A19103F-16F7-4668-BE54-9A1E7A4F7556}") = "developChallenge.Worker", "Worker\developChallenge.Worker.csproj", "{37509094-A007-407A-A309-C5E538137B12}"
EndProject
Project("{FAE04EC0-301F-11D3-BF4B-00C04F79EFBC}") = "developChallenge.UnitTests", "developChallenge.UnitTests\developChallenge.UnitTests.csproj", "{9D321C4E-D87D-40CD-8A81-46200169E46A}"
EndProject
Global
	GlobalSection(SolutionConfigurationPlatforms) = preSolution
		Debug|Any CPU = Debug|Any CPU
		Release|Any CPU = Release|Any CPU
	EndGlobalSection
	GlobalSection(ProjectConfigurationPlatforms) = postSolution
		{FD5DD311-E3C4-415C-8D89-97ADB7FDA535}.Debug|Any CPU.ActiveCfg = Debug|Any CPU
		{FD5DD311-E3C4-415C-8D89-97ADB7FDA535}.Debug|Any CPU.Build.0 = Debug|Any CPU
		{FD5DD311-E3C4-415C-8D89-97ADB7FDA535}.Release|Any CPU.ActiveCfg = Release|Any CPU
		{FD5DD311-E3C4-415C-8D89-97ADB7FDA535}.Release|Any CPU.Build.0 = Release|Any CPU
		{3A3F9C4D-2AA4-417B-AE67-03A4F28A2E86}.Debug|Any CPU.ActiveCfg = Debug|Any CPU
		{3A3F9C4D-2AA4-417B-AE67-03A4F28A2E86}.Debug|Any CPU.Build.0 = Debug|Any CPU
		{3A3F9C4D-2AA4-417B-AE67-03A4F28A2E86}.Release|Any CPU.ActiveCfg = Release|Any CPU
		{3A3F9C4D-2AA4-417B-AE67-03A4F28A2E86}.Release|Any CPU.Build.0 = Release|Any CPU
		{4064406C-73E8-43CC-B895-CC9C17AD8AA9}.Debug|Any CPU.ActiveCfg = Debug|Any CPU
		{4064406C-73E8-43CC-B895-CC9C17AD8AA9}.Debug|Any CPU.Build.0 = Debug|Any CPU
		{4064406C-73E8-43CC-B895-CC9C17AD8AA9}.Release|Any CPU.ActiveCfg = Release|Any CPU
		{4064406C-73E8-43CC-B895-CC9C17AD8AA9}.Release|Any CPU.Build.0 = Release|Any CPU
		{E7FFC947-03BD-40A0-B189-7EEEF2F47962}.Debug|Any CPU.ActiveCfg = Debug|Any CPU
		{E7FFC947-03BD-40A0-B189-7EEEF2F47962}.Debug|Any CPU.Build.0 = Debug|Any CPU
		{E7FFC947-03BD-40A0-B189-7EEEF2F47962}.Release|Any CPU.ActiveCfg = Release|Any CPU
		{E7FFC947-03BD-40A0-B189-7EEEF2F47962}.Release|Any CPU.Build.0 = Release|Any CPU
		{37509094-A007-407A-A309-C5E538137B12}.Debug|Any CPU.ActiveCfg = Debug|Any CPU
		{37509094-A007-407A-A309-C5E538137B12}.Debug|Any CPU.Build.0 = Debug|Any CPU
		{37509094-A007-407A-A309-C5E538137B12}.Release|Any CPU.ActiveCfg = Release|Any CPU
		{37509094-A007-407A-A309-C5E538137B12}.Release|Any CPU.Build.0 = Release|Any CPU
		{9D321C4E-D87D-40CD-8A81-46200169E46A}.Debug|Any CPU.ActiveCfg = Debug|Any CPU
		{9D321C4E-D87D-40CD-8A81-46200169E46A}.Debug|Any CPU.Build.0 = Debug|Any CPU
		{9D321C4E-D87D-40CD-8A81-46200169E46A}.Release|Any CPU.ActiveCfg = Release|Any CPU
		{9D321C4E-D87D-40CD-8A81-46200169E46A}.Release|Any CPU.Build.0 = Release|Any CPU
	EndGlobalSection
	GlobalSection(SolutionProperties) = preSolution
		HideSolutionNode = FALSE
	EndGlobalSection
	GlobalSection(ExtensibilityGlobals) = postSolution
		SolutionGuid = {1CEFA4DA-83F8-406D-A8E9-EF121DAC51EF}
	EndGlobalSection
EndGlobal
